
Microsoft Visual Studio Solution File, Format Version 12.00
# Visual Studio Version 17
VisualStudioVersion = 17.5.33530.505
MinimumVisualStudioVersion = 10.0.40219.1
Project("{FAE04EC0-301F-11D3-BF4B-00C04F79EFBC}") = "EventHandlerPrac", "EventHandlerPrac\EventHandlerPrac.csproj", "{D9B5DB56-4E89-4C68-B21F-654FCF3D7C83}"
EndProject
Global
	GlobalSection(SolutionConfigurationPlatforms) = preSolution
		Debug|Any CPU = Debug|Any CPU
		Release|Any CPU = Release|Any CPU
	EndGlobalSection
	GlobalSection(ProjectConfigurationPlatforms) = postSolution
		{D9B5DB56-4E89-4C68-B21F-654FCF3D7C83}.Debug|Any CPU.ActiveCfg = Debug|Any CPU
		{D9B5DB56-4E89-4C68-B21F-654FCF3D7C83}.Debug|Any CPU.Build.0 = Debug|Any CPU
		{D9B5DB56-4E89-4C68-B21F-654FCF3D7C83}.Release|Any CPU.ActiveCfg = Release|Any CPU
		{D9B5DB56-4E89-4C68-B21F-654FCF3D7C83}.Release|Any CPU.Build.0 = Release|Any CPU
	EndGlobalSection
	GlobalSection(SolutionProperties) = preSolution
		HideSolutionNode = FALSE
	EndGlobalSection
	GlobalSection(ExtensibilityGlobals) = postSolution
		SolutionGuid = {E744C0D4-BF65-4CDF-AB9F-D2414C72AD96}
	EndGlobalSection
EndGlobal
